// !$*UTF8*$!
{
	archiveVersion = 1;
	classes = {
	};
	objectVersion = 50;
	objects = {

/* Begin PBXBuildFile section */
		C908282E214DC45C00CA32F2 /* KAEAppDelegate.swift in Sources */ = {isa = PBXBuildFile; fileRef = C908282D214DC45C00CA32F2 /* KAEAppDelegate.swift */; };
		C9082830214DC45C00CA32F2 /* KAEDocument.swift in Sources */ = {isa = PBXBuildFile; fileRef = C908282F214DC45C00CA32F2 /* KAEDocument.swift */; };
		C9082833214DC45C00CA32F2 /* KAEDocument.xib in Resources */ = {isa = PBXBuildFile; fileRef = C9082831214DC45C00CA32F2 /* KAEDocument.xib */; };
		C9082835214DC45E00CA32F2 /* Assets.xcassets in Resources */ = {isa = PBXBuildFile; fileRef = C9082834214DC45E00CA32F2 /* Assets.xcassets */; };
		C9082838214DC45E00CA32F2 /* MainMenu.xib in Resources */ = {isa = PBXBuildFile; fileRef = C9082836214DC45E00CA32F2 /* MainMenu.xib */; };
		C95CE443214DE3BE0098DE33 /* CFKeyedArchiverUID.swift in Sources */ = {isa = PBXBuildFile; fileRef = C95CE442214DE3BE0098DE33 /* CFKeyedArchiverUID.swift */; };
		C95CE445214E208C0098DE33 /* KAEItem.swift in Sources */ = {isa = PBXBuildFile; fileRef = C95CE444214E208C0098DE33 /* KAEItem.swift */; };
/* End PBXBuildFile section */

/* Begin PBXFileReference section */
		C908282A214DC45C00CA32F2 /* KeyedArchiveExplorer.app */ = {isa = PBXFileReference; explicitFileType = wrapper.application; includeInIndex = 0; path = KeyedArchiveExplorer.app; sourceTree = BUILT_PRODUCTS_DIR; };
		C908282D214DC45C00CA32F2 /* KAEAppDelegate.swift */ = {isa = PBXFileReference; lastKnownFileType = sourcecode.swift; path = KAEAppDelegate.swift; sourceTree = "<group>"; };
		C908282F214DC45C00CA32F2 /* KAEDocument.swift */ = {isa = PBXFileReference; lastKnownFileType = sourcecode.swift; path = KAEDocument.swift; sourceTree = "<group>"; };
		C9082832214DC45C00CA32F2 /* Base */ = {isa = PBXFileReference; lastKnownFileType = file.xib; name = Base; path = Base.lproj/KAEDocument.xib; sourceTree = "<group>"; };
		C9082834214DC45E00CA32F2 /* Assets.xcassets */ = {isa = PBXFileReference; lastKnownFileType = folder.assetcatalog; path = Assets.xcassets; sourceTree = "<group>"; };
		C9082837214DC45E00CA32F2 /* Base */ = {isa = PBXFileReference; lastKnownFileType = file.xib; name = Base; path = Base.lproj/MainMenu.xib; sourceTree = "<group>"; };
		C9082839214DC45E00CA32F2 /* Info.plist */ = {isa = PBXFileReference; lastKnownFileType = text.plist.xml; path = Info.plist; sourceTree = "<group>"; };
		C908283A214DC45E00CA32F2 /* KeyedArchiveExplorer.entitlements */ = {isa = PBXFileReference; lastKnownFileType = text.plist.entitlements; path = KeyedArchiveExplorer.entitlements; sourceTree = "<group>"; };
		C95CE441214DD9F90098DE33 /* FCF-SPI.h */ = {isa = PBXFileReference; lastKnownFileType = sourcecode.c.h; path = "FCF-SPI.h"; sourceTree = "<group>"; };
		C95CE442214DE3BE0098DE33 /* CFKeyedArchiverUID.swift */ = {isa = PBXFileReference; lastKnownFileType = sourcecode.swift; path = CFKeyedArchiverUID.swift; sourceTree = "<group>"; };
		C95CE444214E208C0098DE33 /* KAEItem.swift */ = {isa = PBXFileReference; lastKnownFileType = sourcecode.swift; path = KAEItem.swift; sourceTree = "<group>"; };
/* End PBXFileReference section */

/* Begin PBXFrameworksBuildPhase section */
		C9082827214DC45C00CA32F2 /* Frameworks */ = {
			isa = PBXFrameworksBuildPhase;
			buildActionMask = 2147483647;
			files = (
			);
			runOnlyForDeploymentPostprocessing = 0;
		};
/* End PBXFrameworksBuildPhase section */

/* Begin PBXGroup section */
		C9082821214DC45C00CA32F2 = {
			isa = PBXGroup;
			children = (
				C908282C214DC45C00CA32F2 /* KeyedArchiveExplorer */,
				C908282B214DC45C00CA32F2 /* Products */,
			);
			sourceTree = "<group>";
		};
		C908282B214DC45C00CA32F2 /* Products */ = {
			isa = PBXGroup;
			children = (
				C908282A214DC45C00CA32F2 /* KeyedArchiveExplorer.app */,
			);
			name = Products;
			sourceTree = "<group>";
		};
		C908282C214DC45C00CA32F2 /* KeyedArchiveExplorer */ = {
			isa = PBXGroup;
			children = (
				C908282D214DC45C00CA32F2 /* KAEAppDelegate.swift */,
				C95CE444214E208C0098DE33 /* KAEItem.swift */,
				C908282F214DC45C00CA32F2 /* KAEDocument.swift */,
				C9082831214DC45C00CA32F2 /* KAEDocument.xib */,
				C95CE442214DE3BE0098DE33 /* CFKeyedArchiverUID.swift */,
				C95CE441214DD9F90098DE33 /* FCF-SPI.h */,
				C9082834214DC45E00CA32F2 /* Assets.xcassets */,
				C9082836214DC45E00CA32F2 /* MainMenu.xib */,
				C9082839214DC45E00CA32F2 /* Info.plist */,
				C908283A214DC45E00CA32F2 /* KeyedArchiveExplorer.entitlements */,
			);
			path = KeyedArchiveExplorer;
			sourceTree = "<group>";
		};
/* End PBXGroup section */

/* Begin PBXNativeTarget section */
		C9082829214DC45C00CA32F2 /* KeyedArchiveExplorer */ = {
			isa = PBXNativeTarget;
			buildConfigurationList = C908283D214DC45E00CA32F2 /* Build configuration list for PBXNativeTarget "KeyedArchiveExplorer" */;
			buildPhases = (
				C9082826214DC45C00CA32F2 /* Sources */,
				C9082827214DC45C00CA32F2 /* Frameworks */,
				C9082828214DC45C00CA32F2 /* Resources */,
			);
			buildRules = (
			);
			dependencies = (
			);
			name = KeyedArchiveExplorer;
			productName = KeyedArchiveExplorer;
			productReference = C908282A214DC45C00CA32F2 /* KeyedArchiveExplorer.app */;
			productType = "com.apple.product-type.application";
		};
/* End PBXNativeTarget section */

/* Begin PBXProject section */
		C9082822214DC45C00CA32F2 /* Project object */ = {
			isa = PBXProject;
			attributes = {
				LastSwiftUpdateCheck = 1000;
				LastUpgradeCheck = 1000;
				ORGANIZATIONNAME = "Matt Jacobson";
				TargetAttributes = {
					C9082829214DC45C00CA32F2 = {
						CreatedOnToolsVersion = 10.0;
					};
				};
			};
			buildConfigurationList = C9082825214DC45C00CA32F2 /* Build configuration list for PBXProject "KeyedArchiveExplorer" */;
			compatibilityVersion = "Xcode 9.3";
			developmentRegion = en;
			hasScannedForEncodings = 0;
			knownRegions = (
				en,
				Base,
			);
			mainGroup = C9082821214DC45C00CA32F2;
			productRefGroup = C908282B214DC45C00CA32F2 /* Products */;
			projectDirPath = "";
			projectRoot = "";
			targets = (
				C9082829214DC45C00CA32F2 /* KeyedArchiveExplorer */,
			);
		};
/* End PBXProject section */

/* Begin PBXResourcesBuildPhase section */
		C9082828214DC45C00CA32F2 /* Resources */ = {
			isa = PBXResourcesBuildPhase;
			buildActionMask = 2147483647;
			files = (
				C9082835214DC45E00CA32F2 /* Assets.xcassets in Resources */,
				C9082833214DC45C00CA32F2 /* KAEDocument.xib in Resources */,
				C9082838214DC45E00CA32F2 /* MainMenu.xib in Resources */,
			);
			runOnlyForDeploymentPostprocessing = 0;
		};
/* End PBXResourcesBuildPhase section */

/* Begin PBXSourcesBuildPhase section */
		C9082826214DC45C00CA32F2 /* Sources */ = {
			isa = PBXSourcesBuildPhase;
			buildActionMask = 2147483647;
			files = (
				C95CE445214E208C0098DE33 /* KAEItem.swift in Sources */,
				C9082830214DC45C00CA32F2 /* KAEDocument.swift in Sources */,
				C95CE443214DE3BE0098DE33 /* CFKeyedArchiverUID.swift in Sources */,
				C908282E214DC45C00CA32F2 /* KAEAppDelegate.swift in Sources */,
			);
			runOnlyForDeploymentPostprocessing = 0;
		};
/* End PBXSourcesBuildPhase section */

/* Begin PBXVariantGroup section */
		C9082831214DC45C00CA32F2 /* KAEDocument.xib */ = {
			isa = PBXVariantGroup;
			children = (
				C9082832214DC45C00CA32F2 /* Base */,
			);
			name = KAEDocument.xib;
			sourceTree = "<group>";
		};
		C9082836214DC45E00CA32F2 /* MainMenu.xib */ = {
			isa = PBXVariantGroup;
			children = (
				C9082837214DC45E00CA32F2 /* Base */,
			);
			name = MainMenu.xib;
			sourceTree = "<group>";
		};
/* End PBXVariantGroup section */

/* Begin XCBuildConfiguration section */
		C908283B214DC45E00CA32F2 /* Debug */ = {
			isa = XCBuildConfiguration;
			buildSettings = {
				ALWAYS_SEARCH_USER_PATHS = NO;
				CLANG_ANALYZER_NONNULL = YES;
				CLANG_ANALYZER_NUMBER_OBJECT_CONVERSION = YES_AGGRESSIVE;
				CLANG_CXX_LANGUAGE_STANDARD = "gnu++14";
				CLANG_CXX_LIBRARY = "libc++";
				CLANG_ENABLE_MODULES = YES;
				CLANG_ENABLE_OBJC_ARC = YES;
				CLANG_ENABLE_OBJC_WEAK = YES;
				CLANG_WARN_BLOCK_CAPTURE_AUTORELEASING = YES;
				CLANG_WARN_BOOL_CONVERSION = YES;
				CLANG_WARN_COMMA = YES;
				CLANG_WARN_CONSTANT_CONVERSION = YES;
				CLANG_WARN_DEPRECATED_OBJC_IMPLEMENTATIONS = YES;
				CLANG_WARN_DIRECT_OBJC_ISA_USAGE = YES_ERROR;
				CLANG_WARN_DOCUMENTATION_COMMENTS = YES;
				CLANG_WARN_EMPTY_BODY = YES;
				CLANG_WARN_ENUM_CONVERSION = YES;
				CLANG_WARN_INFINITE_RECURSION = YES;
				CLANG_WARN_INT_CONVERSION = YES;
				CLANG_WARN_NON_LITERAL_NULL_CONVERSION = YES;
				CLANG_WARN_OBJC_IMPLICIT_RETAIN_SELF = YES;
				CLANG_WARN_OBJC_LITERAL_CONVERSION = YES;
				CLANG_WARN_OBJC_ROOT_CLASS = YES_ERROR;
				CLANG_WARN_RANGE_LOOP_ANALYSIS = YES;
				CLANG_WARN_STRICT_PROTOTYPES = YES;
				CLANG_WARN_SUSPICIOUS_MOVE = YES;
				CLANG_WARN_UNGUARDED_AVAILABILITY = YES_AGGRESSIVE;
				CLANG_WARN_UNREACHABLE_CODE = YES;
				CLANG_WARN__DUPLICATE_METHOD_MATCH = YES;
				CODE_SIGN_IDENTITY = "-";
				COPY_PHASE_STRIP = NO;
				DEBUG_INFORMATION_FORMAT = dwarf;
				ENABLE_STRICT_OBJC_MSGSEND = YES;
				ENABLE_TESTABILITY = YES;
				GCC_C_LANGUAGE_STANDARD = gnu11;
				GCC_DYNAMIC_NO_PIC = NO;
				GCC_NO_COMMON_BLOCKS = YES;
				GCC_OPTIMIZATION_LEVEL = 0;
				GCC_PREPROCESSOR_DEFINITIONS = (
					"DEBUG=1",
					"$(inherited)",
				);
				GCC_WARN_64_TO_32_BIT_CONVERSION = YES;
				GCC_WARN_ABOUT_RETURN_TYPE = YES_ERROR;
				GCC_WARN_UNDECLARED_SELECTOR = YES;
				GCC_WARN_UNINITIALIZED_AUTOS = YES_AGGRESSIVE;
				GCC_WARN_UNUSED_FUNCTION = YES;
				GCC_WARN_UNUSED_VARIABLE = YES;
				MACOSX_DEPLOYMENT_TARGET = 10.14;
				MTL_ENABLE_DEBUG_INFO = INCLUDE_SOURCE;
				MTL_FAST_MATH = YES;
				ONLY_ACTIVE_ARCH = YES;
				SDKROOT = macosx;
				SWIFT_ACTIVE_COMPILATION_CONDITIONS = DEBUG;
				SWIFT_OPTIMIZATION_LEVEL = "-Onone";
			};
			name = Debug;
		};
		C908283C214DC45E00CA32F2 /* Release */ = {
			isa = XCBuildConfiguration;
			buildSettings = {
				ALWAYS_SEARCH_USER_PATHS = NO;
				CLANG_ANALYZER_NONNULL = YES;
				CLANG_ANALYZER_NUMBER_OBJECT_CONVERSION = YES_AGGRESSIVE;
				CLANG_CXX_LANGUAGE_STANDARD = "gnu++14";
				CLANG_CXX_LIBRARY = "libc++";
				CLANG_ENABLE_MODULES = YES;
				CLANG_ENABLE_OBJC_ARC = YES;
				CLANG_ENABLE_OBJC_WEAK = YES;
				CLANG_WARN_BLOCK_CAPTURE_AUTORELEASING = YES;
				CLANG_WARN_BOOL_CONVERSION = YES;
				CLANG_WARN_COMMA = YES;
				CLANG_WARN_CONSTANT_CONVERSION = YES;
				CLANG_WARN_DEPRECATED_OBJC_IMPLEMENTATIONS = YES;
				CLANG_WARN_DIRECT_OBJC_ISA_USAGE = YES_ERROR;
				CLANG_WARN_DOCUMENTATION_COMMENTS = YES;
				CLANG_WARN_EMPTY_BODY = YES;
				CLANG_WARN_ENUM_CONVERSION = YES;
				CLANG_WARN_INFINITE_RECURSION = YES;
				CLANG_WARN_INT_CONVERSION = YES;
				CLANG_WARN_NON_LITERAL_NULL_CONVERSION = YES;
				CLANG_WARN_OBJC_IMPLICIT_RETAIN_SELF = YES;
				CLANG_WARN_OBJC_LITERAL_CONVERSION = YES;
				CLANG_WARN_OBJC_ROOT_CLASS = YES_ERROR;
				CLANG_WARN_RANGE_LOOP_ANALYSIS = YES;
				CLANG_WARN_STRICT_PROTOTYPES = YES;
				CLANG_WARN_SUSPICIOUS_MOVE = YES;
				CLANG_WARN_UNGUARDED_AVAILABILITY = YES_AGGRESSIVE;
				CLANG_WARN_UNREACHABLE_CODE = YES;
				CLANG_WARN__DUPLICATE_METHOD_MATCH = YES;
				CODE_SIGN_IDENTITY = "-";
				COPY_PHASE_STRIP = NO;
				DEBUG_INFORMATION_FORMAT = "dwarf-with-dsym";
				ENABLE_NS_ASSERTIONS = NO;
				ENABLE_STRICT_OBJC_MSGSEND = YES;
				GCC_C_LANGUAGE_STANDARD = gnu11;
				GCC_NO_COMMON_BLOCKS = YES;
				GCC_WARN_64_TO_32_BIT_CONVERSION = YES;
				GCC_WARN_ABOUT_RETURN_TYPE = YES_ERROR;
				GCC_WARN_UNDECLARED_SELECTOR = YES;
				GCC_WARN_UNINITIALIZED_AUTOS = YES_AGGRESSIVE;
				GCC_WARN_UNUSED_FUNCTION = YES;
				GCC_WARN_UNUSED_VARIABLE = YES;
				MACOSX_DEPLOYMENT_TARGET = 10.14;
				MTL_ENABLE_DEBUG_INFO = NO;
				MTL_FAST_MATH = YES;
				SDKROOT = macosx;
				SWIFT_COMPILATION_MODE = wholemodule;
				SWIFT_OPTIMIZATION_LEVEL = "-O";
			};
			name = Release;
		};
		C908283E214DC45E00CA32F2 /* Debug */ = {
			isa = XCBuildConfiguration;
			buildSettings = {
				ASSETCATALOG_COMPILER_APPICON_NAME = AppIcon;
				CODE_SIGN_ENTITLEMENTS = KeyedArchiveExplorer/KeyedArchiveExplorer.entitlements;
				CODE_SIGN_STYLE = Automatic;
				COMBINE_HIDPI_IMAGES = YES;
				INFOPLIST_FILE = KeyedArchiveExplorer/Info.plist;
				LD_RUNPATH_SEARCH_PATHS = (
					"$(inherited)",
					"@executable_path/../Frameworks",
				);
				PRODUCT_BUNDLE_IDENTIFIER = net.mjacobson.KeyedArchiveExplorer;
				PRODUCT_NAME = "$(TARGET_NAME)";
				SWIFT_OBJC_BRIDGING_HEADER = "KeyedArchiveExplorer/FCF-SPI.h";
				SWIFT_VERSION = 4.2;
			};
			name = Debug;
		};
		C908283F214DC45E00CA32F2 /* Release */ = {
			isa = XCBuildConfiguration;
			buildSettings = {
				ASSETCATALOG_COMPILER_APPICON_NAME = AppIcon;
				CODE_SIGN_ENTITLEMENTS = KeyedArchiveExplorer/KeyedArchiveExplorer.entitlements;
				CODE_SIGN_STYLE = Automatic;
				COMBINE_HIDPI_IMAGES = YES;
				INFOPLIST_FILE = KeyedArchiveExplorer/Info.plist;
				LD_RUNPATH_SEARCH_PATHS = (
					"$(inherited)",
					"@executable_path/../Frameworks",
				);
				PRODUCT_BUNDLE_IDENTIFIER = net.mjacobson.KeyedArchiveExplorer;
				PRODUCT_NAME = "$(TARGET_NAME)";
				SWIFT_OBJC_BRIDGING_HEADER = "KeyedArchiveExplorer/FCF-SPI.h";
				SWIFT_VERSION = 4.2;
			};
			name = Release;
		};
/* End XCBuildConfiguration section */

/* Begin XCConfigurationList section */
		C9082825214DC45C00CA32F2 /* Build configuration list for PBXProject "KeyedArchiveExplorer" */ = {
			isa = XCConfigurationList;
			buildConfigurations = (
				C908283B214DC45E00CA32F2 /* Debug */,
				C908283C214DC45E00CA32F2 /* Release */,
			);
			defaultConfigurationIsVisible = 0;
			defaultConfigurationName = Release;
		};
		C908283D214DC45E00CA32F2 /* Build configuration list for PBXNativeTarget "KeyedArchiveExplorer" */ = {
			isa = XCConfigurationList;
			buildConfigurations = (
				C908283E214DC45E00CA32F2 /* Debug */,
				C908283F214DC45E00CA32F2 /* Release */,
			);
			defaultConfigurationIsVisible = 0;
			defaultConfigurationName = Release;
		};
/* End XCConfigurationList section */
	};
	rootObject = C9082822214DC45C00CA32F2 /* Project object */;
}
